
Microsoft Visual Studio Solution File, Format Version 12.00
# Visual Studio Version 17
VisualStudioVersion = 17.11.35222.181
MinimumVisualStudioVersion = 10.0.40219.1
Project("{2150E333-8FDC-42A3-9474-1A3956D46DE8}") = "TaskZero", "TaskZero", "{D82A9DB8-8AE7-469B-9A5F-C9969D2E60ED}"
EndProject
Project("{FAE04EC0-301F-11D3-BF4B-00C04F79EFBC}") = "Tyuiu.MironenkoSE.Sprint0.V0", "Tyuiu.MironenkoSE.Sprint0.V0\Tyuiu.MironenkoSE.Sprint0.V0.csproj", "{5F38CD7C-4976-4165-ACC3-B74152044FCD}"
EndProject
Project("{2150E333-8FDC-42A3-9474-1A3956D46DE8}") = "Task1", "Task1", "{CF45D353-0A7E-49AF-8481-E377A870909B}"
EndProject
Project("{FAE04EC0-301F-11D3-BF4B-00C04F79EFBC}") = "Tyuiu.MironenkoSE.Sprint0.Task1.V0", "Tyuiu.MironenkoSE.Sprint0.Task1.V0\Tyuiu.MironenkoSE.Sprint0.Task1.V0.csproj", "{8016AFD8-1C5C-441C-8024-D459B54B0C46}"
EndProject
Project("{2150E333-8FDC-42A3-9474-1A3956D46DE8}") = "Task2", "Task2", "{57D3D96D-0A6B-48AE-94B8-2F872482EFB7}"
EndProject
Project("{FAE04EC0-301F-11D3-BF4B-00C04F79EFBC}") = "Tyuiu.MironenkoSE.Sprint0.Task2.V0", "Tyuiu.MironenkoSE.Sprint0.Task2.V0\Tyuiu.MironenkoSE.Sprint0.Task2.V0.csproj", "{7FC8E900-B442-4448-B91D-0627473B9A5A}"
EndProject
Project("{FAE04EC0-301F-11D3-BF4B-00C04F79EFBC}") = "Tyuiu.MironenkoSE.Sprint0.Task2.V0.Lib", "Tyuiu.MironenkoSE.Sprint0.Task2.V0.Lib\Tyuiu.MironenkoSE.Sprint0.Task2.V0.Lib.csproj", "{869F6589-D32D-4A27-88D3-B47D767ABA94}"
EndProject
Project("{FAE04EC0-301F-11D3-BF4B-00C04F79EFBC}") = "Tyuiu.MironenkoSE.Sprint0.Task2.V0.Test", "Tyuiu.MironenkoSE.Sprint0.Task2.V0.Test\Tyuiu.MironenkoSE.Sprint0.Task2.V0.Test.csproj", "{6A928E4C-738A-4F80-92E7-7E2AC017387A}"
EndProject
Project("{2150E333-8FDC-42A3-9474-1A3956D46DE8}") = "Task3", "Task3", "{F7C50CD7-13BD-4B3E-895E-EE0BB961FB4B}"
EndProject
Project("{FAE04EC0-301F-11D3-BF4B-00C04F79EFBC}") = "Tyuiu.MironenkoSE.Sprint0.Task3.V0", "Tyuiu.MironenkoSE.Sprint0.Task3.V0\Tyuiu.MironenkoSE.Sprint0.Task3.V0.csproj", "{05B28A23-2880-4A4E-AE42-FE28088DB12F}"
EndProject
Project("{FAE04EC0-301F-11D3-BF4B-00C04F79EFBC}") = "Tyuiu.MironenkoSE.Sprint0.Task3.V0.Lib", "Tyuiu.MironenkoSE.Sprint0.Task3.V0.Lib\Tyuiu.MironenkoSE.Sprint0.Task3.V0.Lib.csproj", "{5230C7CD-849C-4CC9-8496-9520AD4BDEB0}"
EndProject
Project("{FAE04EC0-301F-11D3-BF4B-00C04F79EFBC}") = "Tyuiu.MironenkoSE.Sprint0.Task3.V0.Test", "Tyuiu.MironenkoSE.Sprint0.Task3.V0.Test\Tyuiu.MironenkoSE.Sprint0.Task3.V0.Test.csproj", "{1C34D235-3C15-45E2-BB0C-FDB3176AEA0A}"
EndProject
Project("{2150E333-8FDC-42A3-9474-1A3956D46DE8}") = "Task4", "Task4", "{3AED3292-7278-41F7-A12A-5F4D85834972}"
EndProject
Project("{FAE04EC0-301F-11D3-BF4B-00C04F79EFBC}") = "Tyuiu.MironenkoSE.Sprint0.Task4.V0.Test", "Tyuiu.MironenkoSE.Sprint0.Task4.V0.Test\Tyuiu.MironenkoSE.Sprint0.Task4.V0.Test.csproj", "{6576CCD1-E390-4E15-A032-F53C16AB98DF}"
EndProject
Project("{FAE04EC0-301F-11D3-BF4B-00C04F79EFBC}") = "Tyuiu.MironenkoSE.Sprint0.Task4.V0.Lib", "Tyuiu.MironenkoSE.Sprint0.Task4.V0.Lib\Tyuiu.MironenkoSE.Sprint0.Task4.V0.Lib.csproj", "{2B1645C1-B810-4ABE-87EA-01DC59DEA9E8}"
EndProject
Project("{FAE04EC0-301F-11D3-BF4B-00C04F79EFBC}") = "Tyuiu.MironenkoSE.Sprint0.Task4.V0", "Tyuiu.MironenkoSE.Sprint0.Task4.V0\Tyuiu.MironenkoSE.Sprint0.Task4.V0.csproj", "{27785703-505A-4ADA-A2E2-5394D85FD889}"
EndProject
Project("{2150E333-8FDC-42A3-9474-1A3956D46DE8}") = "Task5", "Task5", "{C816C1EB-E9AD-4F4B-9E28-2B0A3FB100C5}"
EndProject
Project("{FAE04EC0-301F-11D3-BF4B-00C04F79EFBC}") = "Tyuiu.MironenkoSE.Sprint0.Task5.V0", "Tyuiu.MironenkoSE.Sprint0.Task5.V0\Tyuiu.MironenkoSE.Sprint0.Task5.V0.csproj", "{1DE1BC32-6B82-4984-B48F-56C84B9F0A42}"
EndProject
Project("{FAE04EC0-301F-11D3-BF4B-00C04F79EFBC}") = "Tyuiu.MironenkoSE.Sprint0.Task5.V0.Lib", "Tyuiu.MironenkoSE.Sprint0.Task5.V0.Lib\Tyuiu.MironenkoSE.Sprint0.Task5.V0.Lib.csproj", "{80F081DB-2EFB-45E9-9F6E-6A11E5C4F156}"
EndProject
Project("{FAE04EC0-301F-11D3-BF4B-00C04F79EFBC}") = "Tyuiu.MironenkoSE.Sprint0.Task5.V0.Test", "Tyuiu.MironenkoSE.Sprint0.Task5.V0.Test\Tyuiu.MironenkoSE.Sprint0.Task5.V0.Test.csproj", "{7B6BCD42-F9DC-4E95-896F-EAE4467567E1}"
EndProject
Project("{2150E333-8FDC-42A3-9474-1A3956D46DE8}") = "TAsk6", "TAsk6", "{B0EE8850-86E2-4153-B339-FD599352792F}"
EndProject
Project("{FAE04EC0-301F-11D3-BF4B-00C04F79EFBC}") = "Tyuiu.MironenkoSE.Sprint0.Task6.V0.Test", "Tyuiu.MironenkoSE.Sprint0.Task6.V0.Test\Tyuiu.MironenkoSE.Sprint0.Task6.V0.Test.csproj", "{FBCBA367-2431-4B28-BC50-64F88F719545}"
EndProject
Project("{FAE04EC0-301F-11D3-BF4B-00C04F79EFBC}") = "Tyuiu.MironenkoSE.Sprint0.Task6.V0.Lib", "Tyuiu.MironenkoSE.Sprint0.Task6.V0.Lib\Tyuiu.MironenkoSE.Sprint0.Task6.V0.Lib.csproj", "{47DE73AB-978C-4AE1-8BE6-C1F73F62BD70}"
EndProject
Project("{FAE04EC0-301F-11D3-BF4B-00C04F79EFBC}") = "Tyuiu.MironenkoSE.Sprint0.Task6.V0", "Tyuiu.MironenkoSE.Sprint0.Task6.V0\Tyuiu.MironenkoSE.Sprint0.Task6.V0.csproj", "{CD6CE41B-AD61-459A-AC4D-714341B95B4D}"
EndProject
Project("{2150E333-8FDC-42A3-9474-1A3956D46DE8}") = "Task7", "Task7", "{6D89E5CE-0008-4F0C-B73D-691E2AD4D09C}"
EndProject
Project("{FAE04EC0-301F-11D3-BF4B-00C04F79EFBC}") = "Tyuiu.MironenkoSE.Sprint0.Task7.V0", "Tyuiu.MironenkoSE.Sprint0.Task7.V0\Tyuiu.MironenkoSE.Sprint0.Task7.V0.csproj", "{E771E772-791D-46EF-81C8-5AF4A72ABFFE}"
EndProject
Project("{FAE04EC0-301F-11D3-BF4B-00C04F79EFBC}") = "Tyuiu.MironenkoSE.Sprint0.Task7.V0.Lib", "Tyuiu.MironenkoSE.Sprint0.Task7.V0.Lib\Tyuiu.MironenkoSE.Sprint0.Task7.V0.Lib.csproj", "{ACE29A9C-E774-4654-8BA8-D7D18A629EDC}"
EndProject
Project("{FAE04EC0-301F-11D3-BF4B-00C04F79EFBC}") = "Tyuiu.MironenkoSE.Sprint0.Task7.V0.Test", "Tyuiu.MironenkoSE.Sprint0.Task7.V0.Test\Tyuiu.MironenkoSE.Sprint0.Task7.V0.Test.csproj", "{09CBE0E8-F04B-4530-91B7-F7552219642B}"
EndProject
Global
	GlobalSection(SolutionConfigurationPlatforms) = preSolution
		Debug|Any CPU = Debug|Any CPU
		Release|Any CPU = Release|Any CPU
	EndGlobalSection
	GlobalSection(ProjectConfigurationPlatforms) = postSolution
		{5F38CD7C-4976-4165-ACC3-B74152044FCD}.Debug|Any CPU.ActiveCfg = Debug|Any CPU
		{5F38CD7C-4976-4165-ACC3-B74152044FCD}.Debug|Any CPU.Build.0 = Debug|Any CPU
		{5F38CD7C-4976-4165-ACC3-B74152044FCD}.Release|Any CPU.ActiveCfg = Release|Any CPU
		{5F38CD7C-4976-4165-ACC3-B74152044FCD}.Release|Any CPU.Build.0 = Release|Any CPU
		{8016AFD8-1C5C-441C-8024-D459B54B0C46}.Debug|Any CPU.ActiveCfg = Debug|Any CPU
		{8016AFD8-1C5C-441C-8024-D459B54B0C46}.Debug|Any CPU.Build.0 = Debug|Any CPU
		{8016AFD8-1C5C-441C-8024-D459B54B0C46}.Release|Any CPU.ActiveCfg = Release|Any CPU
		{8016AFD8-1C5C-441C-8024-D459B54B0C46}.Release|Any CPU.Build.0 = Release|Any CPU
		{7FC8E900-B442-4448-B91D-0627473B9A5A}.Debug|Any CPU.ActiveCfg = Debug|Any CPU
		{7FC8E900-B442-4448-B91D-0627473B9A5A}.Debug|Any CPU.Build.0 = Debug|Any CPU
		{7FC8E900-B442-4448-B91D-0627473B9A5A}.Release|Any CPU.ActiveCfg = Release|Any CPU
		{7FC8E900-B442-4448-B91D-0627473B9A5A}.Release|Any CPU.Build.0 = Release|Any CPU
		{869F6589-D32D-4A27-88D3-B47D767ABA94}.Debug|Any CPU.ActiveCfg = Debug|Any CPU
		{869F6589-D32D-4A27-88D3-B47D767ABA94}.Debug|Any CPU.Build.0 = Debug|Any CPU
		{869F6589-D32D-4A27-88D3-B47D767ABA94}.Release|Any CPU.ActiveCfg = Release|Any CPU
		{869F6589-D32D-4A27-88D3-B47D767ABA94}.Release|Any CPU.Build.0 = Release|Any CPU
		{6A928E4C-738A-4F80-92E7-7E2AC017387A}.Debug|Any CPU.ActiveCfg = Debug|Any CPU
		{6A928E4C-738A-4F80-92E7-7E2AC017387A}.Debug|Any CPU.Build.0 = Debug|Any CPU
		{6A928E4C-738A-4F80-92E7-7E2AC017387A}.Release|Any CPU.ActiveCfg = Release|Any CPU
		{6A928E4C-738A-4F80-92E7-7E2AC017387A}.Release|Any CPU.Build.0 = Release|Any CPU
		{05B28A23-2880-4A4E-AE42-FE28088DB12F}.Debug|Any CPU.ActiveCfg = Debug|Any CPU
		{05B28A23-2880-4A4E-AE42-FE28088DB12F}.Debug|Any CPU.Build.0 = Debug|Any CPU
		{05B28A23-2880-4A4E-AE42-FE28088DB12F}.Release|Any CPU.ActiveCfg = Release|Any CPU
		{05B28A23-2880-4A4E-AE42-FE28088DB12F}.Release|Any CPU.Build.0 = Release|Any CPU
		{5230C7CD-849C-4CC9-8496-9520AD4BDEB0}.Debug|Any CPU.ActiveCfg = Debug|Any CPU
		{5230C7CD-849C-4CC9-8496-9520AD4BDEB0}.Debug|Any CPU.Build.0 = Debug|Any CPU
		{5230C7CD-849C-4CC9-8496-9520AD4BDEB0}.Release|Any CPU.ActiveCfg = Release|Any CPU
		{5230C7CD-849C-4CC9-8496-9520AD4BDEB0}.Release|Any CPU.Build.0 = Release|Any CPU
		{1C34D235-3C15-45E2-BB0C-FDB3176AEA0A}.Debug|Any CPU.ActiveCfg = Debug|Any CPU
		{1C34D235-3C15-45E2-BB0C-FDB3176AEA0A}.Debug|Any CPU.Build.0 = Debug|Any CPU
		{1C34D235-3C15-45E2-BB0C-FDB3176AEA0A}.Release|Any CPU.ActiveCfg = Release|Any CPU
		{1C34D235-3C15-45E2-BB0C-FDB3176AEA0A}.Release|Any CPU.Build.0 = Release|Any CPU
		{6576CCD1-E390-4E15-A032-F53C16AB98DF}.Debug|Any CPU.ActiveCfg = Debug|Any CPU
		{6576CCD1-E390-4E15-A032-F53C16AB98DF}.Debug|Any CPU.Build.0 = Debug|Any CPU
		{6576CCD1-E390-4E15-A032-F53C16AB98DF}.Release|Any CPU.ActiveCfg = Release|Any CPU
		{6576CCD1-E390-4E15-A032-F53C16AB98DF}.Release|Any CPU.Build.0 = Release|Any CPU
		{2B1645C1-B810-4ABE-87EA-01DC59DEA9E8}.Debug|Any CPU.ActiveCfg = Debug|Any CPU
		{2B1645C1-B810-4ABE-87EA-01DC59DEA9E8}.Debug|Any CPU.Build.0 = Debug|Any CPU
		{2B1645C1-B810-4ABE-87EA-01DC59DEA9E8}.Release|Any CPU.ActiveCfg = Release|Any CPU
		{2B1645C1-B810-4ABE-87EA-01DC59DEA9E8}.Release|Any CPU.Build.0 = Release|Any CPU
		{27785703-505A-4ADA-A2E2-5394D85FD889}.Debug|Any CPU.ActiveCfg = Debug|Any CPU
		{27785703-505A-4ADA-A2E2-5394D85FD889}.Debug|Any CPU.Build.0 = Debug|Any CPU
		{27785703-505A-4ADA-A2E2-5394D85FD889}.Release|Any CPU.ActiveCfg = Release|Any CPU
		{27785703-505A-4ADA-A2E2-5394D85FD889}.Release|Any CPU.Build.0 = Release|Any CPU
		{1DE1BC32-6B82-4984-B48F-56C84B9F0A42}.Debug|Any CPU.ActiveCfg = Debug|Any CPU
		{1DE1BC32-6B82-4984-B48F-56C84B9F0A42}.Debug|Any CPU.Build.0 = Debug|Any CPU
		{1DE1BC32-6B82-4984-B48F-56C84B9F0A42}.Release|Any CPU.ActiveCfg = Release|Any CPU
		{1DE1BC32-6B82-4984-B48F-56C84B9F0A42}.Release|Any CPU.Build.0 = Release|Any CPU
		{80F081DB-2EFB-45E9-9F6E-6A11E5C4F156}.Debug|Any CPU.ActiveCfg = Debug|Any CPU
		{80F081DB-2EFB-45E9-9F6E-6A11E5C4F156}.Debug|Any CPU.Build.0 = Debug|Any CPU
		{80F081DB-2EFB-45E9-9F6E-6A11E5C4F156}.Release|Any CPU.ActiveCfg = Release|Any CPU
		{80F081DB-2EFB-45E9-9F6E-6A11E5C4F156}.Release|Any CPU.Build.0 = Release|Any CPU
		{7B6BCD42-F9DC-4E95-896F-EAE4467567E1}.Debug|Any CPU.ActiveCfg = Debug|Any CPU
		{7B6BCD42-F9DC-4E95-896F-EAE4467567E1}.Debug|Any CPU.Build.0 = Debug|Any CPU
		{7B6BCD42-F9DC-4E95-896F-EAE4467567E1}.Release|Any CPU.ActiveCfg = Release|Any CPU
		{7B6BCD42-F9DC-4E95-896F-EAE4467567E1}.Release|Any CPU.Build.0 = Release|Any CPU
		{FBCBA367-2431-4B28-BC50-64F88F719545}.Debug|Any CPU.ActiveCfg = Debug|Any CPU
		{FBCBA367-2431-4B28-BC50-64F88F719545}.Debug|Any CPU.Build.0 = Debug|Any CPU
		{FBCBA367-2431-4B28-BC50-64F88F719545}.Release|Any CPU.ActiveCfg = Release|Any CPU
		{FBCBA367-2431-4B28-BC50-64F88F719545}.Release|Any CPU.Build.0 = Release|Any CPU
		{47DE73AB-978C-4AE1-8BE6-C1F73F62BD70}.Debug|Any CPU.ActiveCfg = Debug|Any CPU
		{47DE73AB-978C-4AE1-8BE6-C1F73F62BD70}.Debug|Any CPU.Build.0 = Debug|Any CPU
		{47DE73AB-978C-4AE1-8BE6-C1F73F62BD70}.Release|Any CPU.ActiveCfg = Release|Any CPU
		{47DE73AB-978C-4AE1-8BE6-C1F73F62BD70}.Release|Any CPU.Build.0 = Release|Any CPU
		{CD6CE41B-AD61-459A-AC4D-714341B95B4D}.Debug|Any CPU.ActiveCfg = Debug|Any CPU
		{CD6CE41B-AD61-459A-AC4D-714341B95B4D}.Debug|Any CPU.Build.0 = Debug|Any CPU
		{CD6CE41B-AD61-459A-AC4D-714341B95B4D}.Release|Any CPU.ActiveCfg = Release|Any CPU
		{CD6CE41B-AD61-459A-AC4D-714341B95B4D}.Release|Any CPU.Build.0 = Release|Any CPU
		{E771E772-791D-46EF-81C8-5AF4A72ABFFE}.Debug|Any CPU.ActiveCfg = Debug|Any CPU
		{E771E772-791D-46EF-81C8-5AF4A72ABFFE}.Debug|Any CPU.Build.0 = Debug|Any CPU
		{E771E772-791D-46EF-81C8-5AF4A72ABFFE}.Release|Any CPU.ActiveCfg = Release|Any CPU
		{E771E772-791D-46EF-81C8-5AF4A72ABFFE}.Release|Any CPU.Build.0 = Release|Any CPU
		{ACE29A9C-E774-4654-8BA8-D7D18A629EDC}.Debug|Any CPU.ActiveCfg = Debug|Any CPU
		{ACE29A9C-E774-4654-8BA8-D7D18A629EDC}.Debug|Any CPU.Build.0 = Debug|Any CPU
		{ACE29A9C-E774-4654-8BA8-D7D18A629EDC}.Release|Any CPU.ActiveCfg = Release|Any CPU
		{ACE29A9C-E774-4654-8BA8-D7D18A629EDC}.Release|Any CPU.Build.0 = Release|Any CPU
		{09CBE0E8-F04B-4530-91B7-F7552219642B}.Debug|Any CPU.ActiveCfg = Debug|Any CPU
		{09CBE0E8-F04B-4530-91B7-F7552219642B}.Debug|Any CPU.Build.0 = Debug|Any CPU
		{09CBE0E8-F04B-4530-91B7-F7552219642B}.Release|Any CPU.ActiveCfg = Release|Any CPU
		{09CBE0E8-F04B-4530-91B7-F7552219642B}.Release|Any CPU.Build.0 = Release|Any CPU
	EndGlobalSection
	GlobalSection(SolutionProperties) = preSolution
		HideSolutionNode = FALSE
	EndGlobalSection
	GlobalSection(NestedProjects) = preSolution
		{5F38CD7C-4976-4165-ACC3-B74152044FCD} = {D82A9DB8-8AE7-469B-9A5F-C9969D2E60ED}
		{8016AFD8-1C5C-441C-8024-D459B54B0C46} = {CF45D353-0A7E-49AF-8481-E377A870909B}
		{7FC8E900-B442-4448-B91D-0627473B9A5A} = {57D3D96D-0A6B-48AE-94B8-2F872482EFB7}
		{869F6589-D32D-4A27-88D3-B47D767ABA94} = {57D3D96D-0A6B-48AE-94B8-2F872482EFB7}
		{6A928E4C-738A-4F80-92E7-7E2AC017387A} = {57D3D96D-0A6B-48AE-94B8-2F872482EFB7}
		{05B28A23-2880-4A4E-AE42-FE28088DB12F} = {F7C50CD7-13BD-4B3E-895E-EE0BB961FB4B}
		{5230C7CD-849C-4CC9-8496-9520AD4BDEB0} = {F7C50CD7-13BD-4B3E-895E-EE0BB961FB4B}
		{1C34D235-3C15-45E2-BB0C-FDB3176AEA0A} = {F7C50CD7-13BD-4B3E-895E-EE0BB961FB4B}
		{6576CCD1-E390-4E15-A032-F53C16AB98DF} = {3AED3292-7278-41F7-A12A-5F4D85834972}
		{2B1645C1-B810-4ABE-87EA-01DC59DEA9E8} = {3AED3292-7278-41F7-A12A-5F4D85834972}
		{27785703-505A-4ADA-A2E2-5394D85FD889} = {3AED3292-7278-41F7-A12A-5F4D85834972}
		{1DE1BC32-6B82-4984-B48F-56C84B9F0A42} = {C816C1EB-E9AD-4F4B-9E28-2B0A3FB100C5}
		{80F081DB-2EFB-45E9-9F6E-6A11E5C4F156} = {C816C1EB-E9AD-4F4B-9E28-2B0A3FB100C5}
		{7B6BCD42-F9DC-4E95-896F-EAE4467567E1} = {C816C1EB-E9AD-4F4B-9E28-2B0A3FB100C5}
		{FBCBA367-2431-4B28-BC50-64F88F719545} = {B0EE8850-86E2-4153-B339-FD599352792F}
		{47DE73AB-978C-4AE1-8BE6-C1F73F62BD70} = {B0EE8850-86E2-4153-B339-FD599352792F}
		{CD6CE41B-AD61-459A-AC4D-714341B95B4D} = {B0EE8850-86E2-4153-B339-FD599352792F}
		{E771E772-791D-46EF-81C8-5AF4A72ABFFE} = {6D89E5CE-0008-4F0C-B73D-691E2AD4D09C}
		{ACE29A9C-E774-4654-8BA8-D7D18A629EDC} = {6D89E5CE-0008-4F0C-B73D-691E2AD4D09C}
		{09CBE0E8-F04B-4530-91B7-F7552219642B} = {6D89E5CE-0008-4F0C-B73D-691E2AD4D09C}
	EndGlobalSection
	GlobalSection(ExtensibilityGlobals) = postSolution
		SolutionGuid = {E6CF9B9E-C82D-4D15-B721-8BFDCBEA99EA}
	EndGlobalSection
EndGlobal
